// !$*UTF8*$!
{
	archiveVersion = 1;
	classes = {
	};
	objectVersion = 52;
	objects = {

/* Begin PBXBuildFile section */
		02WORLDDBUILD000000001 /* SavedWorld.swift in Sources */ = {isa = PBXBuildFile; fileRef = 02WORLDFILE000000001 /* SavedWorld.swift */; };
		02WORLDMANBUILD000001 /* WorldManager.swift in Sources */ = {isa = PBXBuildFile; fileRef = 02WORLDMANFILE000001 /* WorldManager.swift */; };
		02NATIVEPLACEBUILD000001 /* NativePlacementManager.swift in Sources */ = {isa = PBXBuildFile; fileRef = 02NATIVEPLACEFILE000001 /* NativePlacementManager.swift */; };
		02AATHEMEBUILD000000001 /* AppTheme.swift in Sources */ = {isa = PBXBuildFile; fileRef = 02AATHEME0000000000000001 /* AppTheme.swift */; };
		02AAMENUBUILD000000001 /* MainMenuView.swift in Sources */ = {isa = PBXBuildFile; fileRef = 02AAMENU0000000000000001 /* MainMenuView.swift */; };
		02AASAVEDBUILD00000001 /* SavedWorldsView.swift in Sources */ = {isa = PBXBuildFile; fileRef = 02AASAVED000000000000001 /* SavedWorldsView.swift */; };
		02LOCALUSDBUNDLE0000000001 /* App Ready USDZ in Resources */ = {isa = PBXBuildFile; fileRef = 02LOCALUSDFOLDER0000000001 /* App Ready USDZ */; };
		02LOCALTHUMBS000000000001 /* Thumbnails in Resources */ = {isa = PBXBuildFile; fileRef = 02LOCALTHUMBSFOLDER0000001 /* Thumbnails */; };
		023A4CF627C5BCF300BE5FEE /* Launch Screen.storyboard in Resources */ = {isa = PBXBuildFile; fileRef = 023A4CF527C5BCF300BE5FEE /* Launch Screen.storyboard */; };
		028E1FF827C2D18D0040360B /* Info.plist in Resources */ = {isa = PBXBuildFile; fileRef = 028E1FF727C2D18D0040360B /* Info.plist */; };
		028E1FF927C2D18D0040360B /* Info.plist in Resources */ = {isa = PBXBuildFile; fileRef = 028E1FF727C2D18D0040360B /* Info.plist */; };
		028E1FFB27C2D1DF0040360B /* Info.plist in Resources */ = {isa = PBXBuildFile; fileRef = 028E1FFA27C2D1DF0040360B /* Info.plist */; };
		028E1FFC27C2D1DF0040360B /* Info.plist in Resources */ = {isa = PBXBuildFile; fileRef = 028E1FFA27C2D1DF0040360B /* Info.plist */; };
		02913EF827334C7800869572 /* Little_World_BuilderApp.swift in Sources */ = {isa = PBXBuildFile; fileRef = 02913EF727334C7800869572 /* Little_World_BuilderApp.swift */; };
		02913EFA27334C7800869572 /* ContentView.swift in Sources */ = {isa = PBXBuildFile; fileRef = 02913EF927334C7800869572 /* ContentView.swift */; };
		02913EFC27334C7900869572 /* Assets.xcassets in Resources */ = {isa = PBXBuildFile; fileRef = 02913EFB27334C7900869572 /* Assets.xcassets */; };
		02913EFF27334C7900869572 /* Preview Assets.xcassets in Resources */ = {isa = PBXBuildFile; fileRef = 02913EFE27334C7900869572 /* Preview Assets.xcassets */; };
		02913F0A27334C7900869572 /* Little_World_BuilderTests.swift in Sources */ = {isa = PBXBuildFile; fileRef = 02913F0927334C7900869572 /* Little_World_BuilderTests.swift */; };
		02913F1527334C7900869572 /* Little_World_BuilderUITests.swift in Sources */ = {isa = PBXBuildFile; fileRef = 02913F1427334C7900869572 /* Little_World_BuilderUITests.swift */; };
		02913F2327335E3C00869572 /* ARViewContainer.swift in Sources */ = {isa = PBXBuildFile; fileRef = 02913F2227335E3C00869572 /* ARViewContainer.swift */; };
		02913F2F27335E5B00869572 /* PlacementView.swift in Sources */ = {isa = PBXBuildFile; fileRef = 02913F2427335E5B00869572 /* PlacementView.swift */; };
		02913F3027335E5B00869572 /* PlacementSettings.swift in Sources */ = {isa = PBXBuildFile; fileRef = 02913F2527335E5B00869572 /* PlacementSettings.swift */; };
		02913F3127335E5B00869572 /* ModelsViewModel.swift in Sources */ = {isa = PBXBuildFile; fileRef = 02913F2627335E5B00869572 /* ModelsViewModel.swift */; };
		02913F3227335E5C00869572 /* SessionSettings.swift in Sources */ = {isa = PBXBuildFile; fileRef = 02913F2727335E5B00869572 /* SessionSettings.swift */; };
		02913F3327335E5C00869572 /* SettingsView.swift in Sources */ = {isa = PBXBuildFile; fileRef = 02913F2827335E5B00869572 /* SettingsView.swift */; };
		02913F3427335E5C00869572 /* BrowseView.swift in Sources */ = {isa = PBXBuildFile; fileRef = 02913F2927335E5B00869572 /* BrowseView.swift */; };
		02913F3627335E5C00869572 /* CustomARView.swift in Sources */ = {isa = PBXBuildFile; fileRef = 02913F2B27335E5B00869572 /* CustomARView.swift */; };
		02913F3727335E5C00869572 /* Model.swift in Sources */ = {isa = PBXBuildFile; fileRef = 02913F2C27335E5B00869572 /* Model.swift */; };
		02913F3827335E5C00869572 /* View+Extensions.swift in Sources */ = {isa = PBXBuildFile; fileRef = 02913F2D27335E5B00869572 /* View+Extensions.swift */; };
		02913F3927335E5C00869572 /* ControlView.swift in Sources */ = {isa = PBXBuildFile; fileRef = 02913F2E27335E5B00869572 /* ControlView.swift */; };
		02E1046127C030DA00BCFF73 /* ModelDeletionManager.swift in Sources */ = {isa = PBXBuildFile; fileRef = 02E1046027C030DA00BCFF73 /* ModelDeletionManager.swift */; };
		02E1046327C0379500BCFF73 /* DeletionView.swift in Sources */ = {isa = PBXBuildFile; fileRef = 02E1046227C0379500BCFF73 /* DeletionView.swift */; };
		02E2A8E927BF010C003B9E3B /* ScenePersistenceHelper.swift in Sources */ = {isa = PBXBuildFile; fileRef = 02E2A8E827BF010C003B9E3B /* ScenePersistenceHelper.swift */; };
/* End PBXBuildFile section */

/* Begin PBXContainerItemProxy section */
		02913F0627334C7900869572 /* PBXContainerItemProxy */ = {
			isa = PBXContainerItemProxy;
			containerPortal = 02913EEC27334C7800869572 /* Project object */;
			proxyType = 1;
			remoteGlobalIDString = 02913EF327334C7800869572;
			remoteInfo = "Little World Builder";
		};
		02913F1127334C7900869572 /* PBXContainerItemProxy */ = {
			isa = PBXContainerItemProxy;
			containerPortal = 02913EEC27334C7800869572 /* Project object */;
			proxyType = 1;
			remoteGlobalIDString = 02913EF327334C7800869572;
			remoteInfo = "Little World Builder";
		};
/* End PBXContainerItemProxy section */

/* Begin PBXFileReference section */
		02WORLDFILE000000001 /* SavedWorld.swift */ = {isa = PBXFileReference; lastKnownFileType = sourcecode.swift; path = SavedWorld.swift; sourceTree = "<group>"; };
		02WORLDMANFILE000001 /* WorldManager.swift */ = {isa = PBXFileReference; lastKnownFileType = sourcecode.swift; path = WorldManager.swift; sourceTree = "<group>"; };
		02NATIVEPLACEFILE000001 /* NativePlacementManager.swift */ = {isa = PBXFileReference; lastKnownFileType = sourcecode.swift; path = NativePlacementManager.swift; sourceTree = "<group>"; };
		02AATHEME0000000000000001 /* AppTheme.swift */ = {isa = PBXFileReference; lastKnownFileType = sourcecode.swift; path = AppTheme.swift; sourceTree = "<group>"; };
		02AAMENU0000000000000001 /* MainMenuView.swift */ = {isa = PBXFileReference; lastKnownFileType = sourcecode.swift; path = MainMenuView.swift; sourceTree = "<group>"; };
		02AASAVED000000000000001 /* SavedWorldsView.swift */ = {isa = PBXFileReference; lastKnownFileType = sourcecode.swift; path = SavedWorldsView.swift; sourceTree = "<group>"; };
		02LOCALUSDFOLDER0000000001 /* App Ready USDZ */ = {isa = PBXFileReference; lastKnownFileType = folder; name = "App Ready USDZ"; path = "App Ready USDZ"; sourceTree = SOURCE_ROOT; };
		02LOCALTHUMBSFOLDER0000001 /* Thumbnails */ = {isa = PBXFileReference; lastKnownFileType = folder; name = Thumbnails; path = Thumbnails; sourceTree = SOURCE_ROOT; };
		023A4CF527C5BCF300BE5FEE /* Launch Screen.storyboard */ = {isa = PBXFileReference; lastKnownFileType = file.storyboard; path = "Launch Screen.storyboard"; sourceTree = "<group>"; };
		028E1FF727C2D18D0040360B /* Info.plist */ = {isa = PBXFileReference; lastKnownFileType = text.plist; name = Info.plist; path = "Little World BuilderUITests/Info.plist"; sourceTree = SOURCE_ROOT; };
		028E1FFA27C2D1DF0040360B /* Info.plist */ = {isa = PBXFileReference; fileEncoding = 4; lastKnownFileType = text.plist.xml; path = Info.plist; sourceTree = "<group>"; };
		02913EF427334C7800869572 /* Little World Builder.app */ = {isa = PBXFileReference; explicitFileType = wrapper.application; includeInIndex = 0; path = "Little World Builder.app"; sourceTree = BUILT_PRODUCTS_DIR; };
		02913EF727334C7800869572 /* Little_World_BuilderApp.swift */ = {isa = PBXFileReference; lastKnownFileType = sourcecode.swift; path = Little_World_BuilderApp.swift; sourceTree = "<group>"; };
		02913EF927334C7800869572 /* ContentView.swift */ = {isa = PBXFileReference; lastKnownFileType = sourcecode.swift; path = ContentView.swift; sourceTree = "<group>"; };
		02913EFB27334C7900869572 /* Assets.xcassets */ = {isa = PBXFileReference; lastKnownFileType = folder.assetcatalog; path = Assets.xcassets; sourceTree = "<group>"; };
		02913EFE27334C7900869572 /* Preview Assets.xcassets */ = {isa = PBXFileReference; lastKnownFileType = folder.assetcatalog; path = "Preview Assets.xcassets"; sourceTree = "<group>"; };
		02913F0027334C7900869572 /* Info.plist */ = {isa = PBXFileReference; lastKnownFileType = text.plist.xml; path = Info.plist; sourceTree = "<group>"; };
		02913F0527334C7900869572 /* Little World BuilderTests.xctest */ = {isa = PBXFileReference; explicitFileType = wrapper.cfbundle; includeInIndex = 0; path = "Little World BuilderTests.xctest"; sourceTree = BUILT_PRODUCTS_DIR; };
		02913F0927334C7900869572 /* Little_World_BuilderTests.swift */ = {isa = PBXFileReference; lastKnownFileType = sourcecode.swift; path = Little_World_BuilderTests.swift; sourceTree = "<group>"; };
		02913F1027334C7900869572 /* Little World BuilderUITests.xctest */ = {isa = PBXFileReference; explicitFileType = wrapper.cfbundle; includeInIndex = 0; path = "Little World BuilderUITests.xctest"; sourceTree = BUILT_PRODUCTS_DIR; };
		02913F1427334C7900869572 /* Little_World_BuilderUITests.swift */ = {isa = PBXFileReference; lastKnownFileType = sourcecode.swift; path = Little_World_BuilderUITests.swift; sourceTree = "<group>"; };
		02913F2227335E3C00869572 /* ARViewContainer.swift */ = {isa = PBXFileReference; fileEncoding = 4; lastKnownFileType = sourcecode.swift; path = ARViewContainer.swift; sourceTree = "<group>"; };
		02913F2427335E5B00869572 /* PlacementView.swift */ = {isa = PBXFileReference; fileEncoding = 4; lastKnownFileType = sourcecode.swift; path = PlacementView.swift; sourceTree = "<group>"; };
		02913F2527335E5B00869572 /* PlacementSettings.swift */ = {isa = PBXFileReference; fileEncoding = 4; lastKnownFileType = sourcecode.swift; path = PlacementSettings.swift; sourceTree = "<group>"; };
		02913F2627335E5B00869572 /* ModelsViewModel.swift */ = {isa = PBXFileReference; fileEncoding = 4; lastKnownFileType = sourcecode.swift; path = ModelsViewModel.swift; sourceTree = "<group>"; };
		02913F2727335E5B00869572 /* SessionSettings.swift */ = {isa = PBXFileReference; fileEncoding = 4; lastKnownFileType = sourcecode.swift; path = SessionSettings.swift; sourceTree = "<group>"; };
		02913F2827335E5B00869572 /* SettingsView.swift */ = {isa = PBXFileReference; fileEncoding = 4; lastKnownFileType = sourcecode.swift; path = SettingsView.swift; sourceTree = "<group>"; };
		02913F2927335E5B00869572 /* BrowseView.swift */ = {isa = PBXFileReference; fileEncoding = 4; lastKnownFileType = sourcecode.swift; path = BrowseView.swift; sourceTree = "<group>"; };
		02913F2B27335E5B00869572 /* CustomARView.swift */ = {isa = PBXFileReference; fileEncoding = 4; lastKnownFileType = sourcecode.swift; path = CustomARView.swift; sourceTree = "<group>"; };
		02913F2C27335E5B00869572 /* Model.swift */ = {isa = PBXFileReference; fileEncoding = 4; lastKnownFileType = sourcecode.swift; path = Model.swift; sourceTree = "<group>"; };
		02913F2D27335E5B00869572 /* View+Extensions.swift */ = {isa = PBXFileReference; fileEncoding = 4; lastKnownFileType = sourcecode.swift; path = "View+Extensions.swift"; sourceTree = "<group>"; };
		02913F2E27335E5B00869572 /* ControlView.swift */ = {isa = PBXFileReference; fileEncoding = 4; lastKnownFileType = sourcecode.swift; path = ControlView.swift; sourceTree = "<group>"; };
		02E1046027C030DA00BCFF73 /* ModelDeletionManager.swift */ = {isa = PBXFileReference; lastKnownFileType = sourcecode.swift; path = ModelDeletionManager.swift; sourceTree = "<group>"; };
		02E1046227C0379500BCFF73 /* DeletionView.swift */ = {isa = PBXFileReference; lastKnownFileType = sourcecode.swift; path = DeletionView.swift; sourceTree = "<group>"; };
		02E2A8E827BF010C003B9E3B /* ScenePersistenceHelper.swift */ = {isa = PBXFileReference; lastKnownFileType = sourcecode.swift; path = ScenePersistenceHelper.swift; sourceTree = "<group>"; };
/* End PBXFileReference section */

/* Begin PBXFrameworksBuildPhase section */
		02913EF127334C7800869572 /* Frameworks */ = {
			isa = PBXFrameworksBuildPhase;
			buildActionMask = 2147483647;
			files = (
			);
			runOnlyForDeploymentPostprocessing = 0;
		};
		02913F0227334C7900869572 /* Frameworks */ = {
			isa = PBXFrameworksBuildPhase;
			buildActionMask = 2147483647;
			files = (
			);
			runOnlyForDeploymentPostprocessing = 0;
		};
		02913F0D27334C7900869572 /* Frameworks */ = {
			isa = PBXFrameworksBuildPhase;
			buildActionMask = 2147483647;
			files = (
			);
			runOnlyForDeploymentPostprocessing = 0;
		};
/* End PBXFrameworksBuildPhase section */

/* Begin PBXGroup section */
		02913EEB27334C7800869572 = {
			isa = PBXGroup;
			children = (
				02913EF627334C7800869572 /* Little World Builder */,
				02913F0827334C7900869572 /* Little World BuilderTests */,
				02913F1327334C7900869572 /* Little World BuilderUITests */,
				02913EF527334C7800869572 /* Products */,
			);
			sourceTree = "<group>";
		};
		02913EF527334C7800869572 /* Products */ = {
			isa = PBXGroup;
			children = (
				02913EF427334C7800869572 /* Little World Builder.app */,
				02913F0527334C7900869572 /* Little World BuilderTests.xctest */,
				02913F1027334C7900869572 /* Little World BuilderUITests.xctest */,
			);
			name = Products;
			sourceTree = "<group>";
		};
		02913EF627334C7800869572 /* Little World Builder */ = {
			isa = PBXGroup;
			children = (
				02LOCALUSDFOLDER0000000001 /* App Ready USDZ */,
				02LOCALTHUMBSFOLDER0000001 /* Thumbnails */,
				02AATHEME0000000000000001 /* AppTheme.swift */,
				02AASAVED000000000000001 /* SavedWorldsView.swift */,
				02AAMENU0000000000000001 /* MainMenuView.swift */,
				02913F2227335E3C00869572 /* ARViewContainer.swift */,
				02913EFB27334C7900869572 /* Assets.xcassets */,
				02913F2927335E5B00869572 /* BrowseView.swift */,
				02913EF927334C7800869572 /* ContentView.swift */,
				02913F2E27335E5B00869572 /* ControlView.swift */,
				02913F2B27335E5B00869572 /* CustomARView.swift */,
				02E1046227C0379500BCFF73 /* DeletionView.swift */,
				02913F0027334C7900869572 /* Info.plist */,
				02913EF727334C7800869572 /* Little_World_BuilderApp.swift */,
				02913F2C27335E5B00869572 /* Model.swift */,
				02E1046027C030DA00BCFF73 /* ModelDeletionManager.swift */,
				02913F2627335E5B00869572 /* ModelsViewModel.swift */,
				02NATIVEPLACEFILE000001 /* NativePlacementManager.swift */,
				02WORLDFILE000000001 /* SavedWorld.swift */,
				02WORLDMANFILE000001 /* WorldManager.swift */,
				02913F2527335E5B00869572 /* PlacementSettings.swift */,
				02913F2427335E5B00869572 /* PlacementView.swift */,
				02913EFD27334C7900869572 /* Preview Content */,
				02E2A8E827BF010C003B9E3B /* ScenePersistenceHelper.swift */,
				02913F2727335E5B00869572 /* SessionSettings.swift */,
				02913F2827335E5B00869572 /* SettingsView.swift */,
				02913F2D27335E5B00869572 /* View+Extensions.swift */,
				023A4CF527C5BCF300BE5FEE /* Launch Screen.storyboard */,
			);
			path = "Little World Builder";
			sourceTree = "<group>";
		};
		02913EFD27334C7900869572 /* Preview Content */ = {
			isa = PBXGroup;
			children = (
				02913EFE27334C7900869572 /* Preview Assets.xcassets */,
			);
			path = "Preview Content";
			sourceTree = "<group>";
		};
		02913F0827334C7900869572 /* Little World BuilderTests */ = {
			isa = PBXGroup;
			children = (
				028E1FF727C2D18D0040360B /* Info.plist */,
				02913F0927334C7900869572 /* Little_World_BuilderTests.swift */,
			);
			path = "Little World BuilderTests";
			sourceTree = "<group>";
		};
		02913F1327334C7900869572 /* Little World BuilderUITests */ = {
			isa = PBXGroup;
			children = (
				028E1FFA27C2D1DF0040360B /* Info.plist */,
				02913F1427334C7900869572 /* Little_World_BuilderUITests.swift */,
			);
			path = "Little World BuilderUITests";
			sourceTree = "<group>";
		};
/* End PBXGroup section */

/* Begin PBXNativeTarget section */
		02913EF327334C7800869572 /* Little World Builder */ = {
			isa = PBXNativeTarget;
			buildConfigurationList = 02913F1927334C7900869572 /* Build configuration list for PBXNativeTarget "Little World Builder" */;
			buildPhases = (
				02913EF027334C7800869572 /* Sources */,
				02913EF127334C7800869572 /* Frameworks */,
				02913EF227334C7800869572 /* Resources */,
			);
			buildRules = (
			);
			dependencies = (
			);
			name = "Little World Builder";
			packageProductDependencies = (
			);
			productName = "Little World Builder";
			productReference = 02913EF427334C7800869572 /* Little World Builder.app */;
			productType = "com.apple.product-type.application";
		};
		02913F0427334C7900869572 /* Little World BuilderTests */ = {
			isa = PBXNativeTarget;
			buildConfigurationList = 02913F1C27334C7900869572 /* Build configuration list for PBXNativeTarget "Little World BuilderTests" */;
			buildPhases = (
				02913F0127334C7900869572 /* Sources */,
				02913F0227334C7900869572 /* Frameworks */,
				02913F0327334C7900869572 /* Resources */,
			);
			buildRules = (
			);
			dependencies = (
				02913F0727334C7900869572 /* PBXTargetDependency */,
			);
			name = "Little World BuilderTests";
			productName = "Little World BuilderTests";
			productReference = 02913F0527334C7900869572 /* Little World BuilderTests.xctest */;
			productType = "com.apple.product-type.bundle.unit-test";
		};
		02913F0F27334C7900869572 /* Little World BuilderUITests */ = {
			isa = PBXNativeTarget;
			buildConfigurationList = 02913F1F27334C7900869572 /* Build configuration list for PBXNativeTarget "Little World BuilderUITests" */;
			buildPhases = (
				02913F0C27334C7900869572 /* Sources */,
				02913F0D27334C7900869572 /* Frameworks */,
				02913F0E27334C7900869572 /* Resources */,
			);
			buildRules = (
			);
			dependencies = (
				02913F1227334C7900869572 /* PBXTargetDependency */,
			);
			name = "Little World BuilderUITests";
			productName = "Little World BuilderUITests";
			productReference = 02913F1027334C7900869572 /* Little World BuilderUITests.xctest */;
			productType = "com.apple.product-type.bundle.ui-testing";
		};
/* End PBXNativeTarget section */

/* Begin PBXProject section */
		02913EEC27334C7800869572 /* Project object */ = {
			isa = PBXProject;
			attributes = {
				LastSwiftUpdateCheck = 1250;
				LastUpgradeCheck = 1250;
				TargetAttributes = {
					02913EF327334C7800869572 = {
						CreatedOnToolsVersion = 12.5.1;
					};
					02913F0427334C7900869572 = {
						CreatedOnToolsVersion = 12.5.1;
						TestTargetID = 02913EF327334C7800869572;
					};
					02913F0F27334C7900869572 = {
						CreatedOnToolsVersion = 12.5.1;
						TestTargetID = 02913EF327334C7800869572;
					};
				};
			};
			buildConfigurationList = 02913EEF27334C7800869572 /* Build configuration list for PBXProject "Little World Builder" */;
			compatibilityVersion = "Xcode 9.3";
			developmentRegion = en;
			hasScannedForEncodings = 0;
			knownRegions = (
				en,
				Base,
			);
			mainGroup = 02913EEB27334C7800869572;
			packageReferences = (
			);
			productRefGroup = 02913EF527334C7800869572 /* Products */;
			projectDirPath = "";
			projectRoot = "";
			targets = (
				02913EF327334C7800869572 /* Little World Builder */,
				02913F0427334C7900869572 /* Little World BuilderTests */,
				02913F0F27334C7900869572 /* Little World BuilderUITests */,
			);
		};
/* End PBXProject section */

/* Begin PBXResourcesBuildPhase section */
		02913EF227334C7800869572 /* Resources */ = {
			isa = PBXResourcesBuildPhase;
			buildActionMask = 2147483647;
			files = (
				02LOCALUSDBUNDLE0000000001 /* App Ready USDZ in Resources */,
				02LOCALTHUMBS000000000001 /* Thumbnails in Resources */,
				02913EFF27334C7900869572 /* Preview Assets.xcassets in Resources */,
				02913EFC27334C7900869572 /* Assets.xcassets in Resources */,
				023A4CF627C5BCF300BE5FEE /* Launch Screen.storyboard in Resources */,
			);
			runOnlyForDeploymentPostprocessing = 0;
		};
		02913F0327334C7900869572 /* Resources */ = {
			isa = PBXResourcesBuildPhase;
			buildActionMask = 2147483647;
			files = (
				028E1FF827C2D18D0040360B /* Info.plist in Resources */,
				028E1FFB27C2D1DF0040360B /* Info.plist in Resources */,
			);
			runOnlyForDeploymentPostprocessing = 0;
		};
		02913F0E27334C7900869572 /* Resources */ = {
			isa = PBXResourcesBuildPhase;
			buildActionMask = 2147483647;
			files = (
				028E1FF927C2D18D0040360B /* Info.plist in Resources */,
				028E1FFC27C2D1DF0040360B /* Info.plist in Resources */,
			);
			runOnlyForDeploymentPostprocessing = 0;
		};
/* End PBXResourcesBuildPhase section */

/* Begin PBXSourcesBuildPhase section */
		02913EF027334C7800869572 /* Sources */ = {
			isa = PBXSourcesBuildPhase;
			buildActionMask = 2147483647;
			files = (
				02AATHEMEBUILD000000001 /* AppTheme.swift in Sources */,
				02AASAVEDBUILD00000001 /* SavedWorldsView.swift in Sources */,
				02AAMENUBUILD000000001 /* MainMenuView.swift in Sources */,
				02913F3227335E5C00869572 /* SessionSettings.swift in Sources */,
				02913F3427335E5C00869572 /* BrowseView.swift in Sources */,
				02913F3327335E5C00869572 /* SettingsView.swift in Sources */,
				02913F3727335E5C00869572 /* Model.swift in Sources */,
				02913EFA27334C7800869572 /* ContentView.swift in Sources */,
				02913F3127335E5B00869572 /* ModelsViewModel.swift in Sources */,
				02E2A8E927BF010C003B9E3B /* ScenePersistenceHelper.swift in Sources */,
				02WORLDDBUILD000000001 /* SavedWorld.swift in Sources */,
				02WORLDMANBUILD000001 /* WorldManager.swift in Sources */,
				02913EF827334C7800869572 /* Little_World_BuilderApp.swift in Sources */,
				02E1046127C030DA00BCFF73 /* ModelDeletionManager.swift in Sources */,
				02913F2F27335E5B00869572 /* PlacementView.swift in Sources */,
				02913F3827335E5C00869572 /* View+Extensions.swift in Sources */,
				02913F2327335E3C00869572 /* ARViewContainer.swift in Sources */,
				02913F3627335E5C00869572 /* CustomARView.swift in Sources */,
				02913F3927335E5C00869572 /* ControlView.swift in Sources */,
				02E1046327C0379500BCFF73 /* DeletionView.swift in Sources */,
				02913F3027335E5B00869572 /* PlacementSettings.swift in Sources */,
				02NATIVEPLACEBUILD000001 /* NativePlacementManager.swift in Sources */,
			);
			runOnlyForDeploymentPostprocessing = 0;
		};
		02913F0127334C7900869572 /* Sources */ = {
			isa = PBXSourcesBuildPhase;
			buildActionMask = 2147483647;
			files = (
				02913F0A27334C7900869572 /* Little_World_BuilderTests.swift in Sources */,
			);
			runOnlyForDeploymentPostprocessing = 0;
		};
		02913F0C27334C7900869572 /* Sources */ = {
			isa = PBXSourcesBuildPhase;
			buildActionMask = 2147483647;
			files = (
				02913F1527334C7900869572 /* Little_World_BuilderUITests.swift in Sources */,
			);
			runOnlyForDeploymentPostprocessing = 0;
		};
/* End PBXSourcesBuildPhase section */

/* Begin PBXTargetDependency section */
		02913F0727334C7900869572 /* PBXTargetDependency */ = {
			isa = PBXTargetDependency;
			target = 02913EF327334C7800869572 /* Little World Builder */;
			targetProxy = 02913F0627334C7900869572 /* PBXContainerItemProxy */;
		};
		02913F1227334C7900869572 /* PBXTargetDependency */ = {
			isa = PBXTargetDependency;
			target = 02913EF327334C7800869572 /* Little World Builder */;
			targetProxy = 02913F1127334C7900869572 /* PBXContainerItemProxy */;
		};
/* End PBXTargetDependency section */

/* Begin XCBuildConfiguration section */
		02913F1727334C7900869572 /* Debug */ = {
			isa = XCBuildConfiguration;
			buildSettings = {
				ALWAYS_SEARCH_USER_PATHS = NO;
				CLANG_ANALYZER_NONNULL = YES;
				CLANG_ANALYZER_NUMBER_OBJECT_CONVERSION = YES_AGGRESSIVE;
				CLANG_CXX_LANGUAGE_STANDARD = "gnu++14";
				CLANG_CXX_LIBRARY = "libc++";
				CLANG_ENABLE_MODULES = YES;
				CLANG_ENABLE_OBJC_ARC = YES;
				CLANG_ENABLE_OBJC_WEAK = YES;
				CLANG_WARN_BLOCK_CAPTURE_AUTORELEASING = YES;
				CLANG_WARN_BOOL_CONVERSION = YES;
				CLANG_WARN_COMMA = YES;
				CLANG_WARN_CONSTANT_CONVERSION = YES;
				CLANG_WARN_DEPRECATED_OBJC_IMPLEMENTATIONS = YES;
				CLANG_WARN_DIRECT_OBJC_ISA_USAGE = YES_ERROR;
				CLANG_WARN_DOCUMENTATION_COMMENTS = YES;
				CLANG_WARN_EMPTY_BODY = YES;
				CLANG_WARN_ENUM_CONVERSION = YES;
				CLANG_WARN_INFINITE_RECURSION = YES;
				CLANG_WARN_INT_CONVERSION = YES;
				CLANG_WARN_NON_LITERAL_NULL_CONVERSION = YES;
				CLANG_WARN_OBJC_IMPLICIT_RETAIN_SELF = YES;
				CLANG_WARN_OBJC_LITERAL_CONVERSION = YES;
				CLANG_WARN_OBJC_ROOT_CLASS = YES_ERROR;
				CLANG_WARN_QUOTED_INCLUDE_IN_FRAMEWORK_HEADER = YES;
				CLANG_WARN_RANGE_LOOP_ANALYSIS = YES;
				CLANG_WARN_STRICT_PROTOTYPES = YES;
				CLANG_WARN_SUSPICIOUS_MOVE = YES;
				CLANG_WARN_UNGUARDED_AVAILABILITY = YES_AGGRESSIVE;
				CLANG_WARN_UNREACHABLE_CODE = YES;
				CLANG_WARN__DUPLICATE_METHOD_MATCH = YES;
				COPY_PHASE_STRIP = NO;
				DEBUG_INFORMATION_FORMAT = dwarf;
				ENABLE_STRICT_OBJC_MSGSEND = YES;
				ENABLE_TESTABILITY = YES;
				GCC_C_LANGUAGE_STANDARD = gnu11;
				GCC_DYNAMIC_NO_PIC = NO;
				GCC_NO_COMMON_BLOCKS = YES;
				GCC_OPTIMIZATION_LEVEL = 0;
				GCC_PREPROCESSOR_DEFINITIONS = (
					"DEBUG=1",
					"$(inherited)",
				);
				GCC_WARN_64_TO_32_BIT_CONVERSION = YES;
				GCC_WARN_ABOUT_RETURN_TYPE = YES_ERROR;
				GCC_WARN_UNDECLARED_SELECTOR = YES;
				GCC_WARN_UNINITIALIZED_AUTOS = YES_AGGRESSIVE;
				GCC_WARN_UNUSED_FUNCTION = YES;
				GCC_WARN_UNUSED_VARIABLE = YES;
				IPHONEOS_DEPLOYMENT_TARGET = 17.0;
				MTL_ENABLE_DEBUG_INFO = INCLUDE_SOURCE;
				MTL_FAST_MATH = YES;
				ONLY_ACTIVE_ARCH = YES;
				SDKROOT = iphoneos;
				SWIFT_ACTIVE_COMPILATION_CONDITIONS = DEBUG;
				SWIFT_OPTIMIZATION_LEVEL = "-Onone";
			};
			name = Debug;
		};
		02913F1827334C7900869572 /* Release */ = {
			isa = XCBuildConfiguration;
			buildSettings = {
				ALWAYS_SEARCH_USER_PATHS = NO;
				CLANG_ANALYZER_NONNULL = YES;
				CLANG_ANALYZER_NUMBER_OBJECT_CONVERSION = YES_AGGRESSIVE;
				CLANG_CXX_LANGUAGE_STANDARD = "gnu++14";
				CLANG_CXX_LIBRARY = "libc++";
				CLANG_ENABLE_MODULES = YES;
				CLANG_ENABLE_OBJC_ARC = YES;
				CLANG_ENABLE_OBJC_WEAK = YES;
				CLANG_WARN_BLOCK_CAPTURE_AUTORELEASING = YES;
				CLANG_WARN_BOOL_CONVERSION = YES;
				CLANG_WARN_COMMA = YES;
				CLANG_WARN_CONSTANT_CONVERSION = YES;
				CLANG_WARN_DEPRECATED_OBJC_IMPLEMENTATIONS = YES;
				CLANG_WARN_DIRECT_OBJC_ISA_USAGE = YES_ERROR;
				CLANG_WARN_DOCUMENTATION_COMMENTS = YES;
				CLANG_WARN_EMPTY_BODY = YES;
				CLANG_WARN_ENUM_CONVERSION = YES;
				CLANG_WARN_INFINITE_RECURSION = YES;
				CLANG_WARN_INT_CONVERSION = YES;
				CLANG_WARN_NON_LITERAL_NULL_CONVERSION = YES;
				CLANG_WARN_OBJC_IMPLICIT_RETAIN_SELF = YES;
				CLANG_WARN_OBJC_LITERAL_CONVERSION = YES;
				CLANG_WARN_OBJC_ROOT_CLASS = YES_ERROR;
				CLANG_WARN_QUOTED_INCLUDE_IN_FRAMEWORK_HEADER = YES;
				CLANG_WARN_RANGE_LOOP_ANALYSIS = YES;
				CLANG_WARN_STRICT_PROTOTYPES = YES;
				CLANG_WARN_SUSPICIOUS_MOVE = YES;
				CLANG_WARN_UNGUARDED_AVAILABILITY = YES_AGGRESSIVE;
				CLANG_WARN_UNREACHABLE_CODE = YES;
				CLANG_WARN__DUPLICATE_METHOD_MATCH = YES;
				COPY_PHASE_STRIP = NO;
				DEBUG_INFORMATION_FORMAT = "dwarf-with-dsym";
				ENABLE_NS_ASSERTIONS = NO;
				ENABLE_STRICT_OBJC_MSGSEND = YES;
				GCC_C_LANGUAGE_STANDARD = gnu11;
				GCC_NO_COMMON_BLOCKS = YES;
				GCC_WARN_64_TO_32_BIT_CONVERSION = YES;
				GCC_WARN_ABOUT_RETURN_TYPE = YES_ERROR;
				GCC_WARN_UNDECLARED_SELECTOR = YES;
				GCC_WARN_UNINITIALIZED_AUTOS = YES_AGGRESSIVE;
				GCC_WARN_UNUSED_FUNCTION = YES;
				GCC_WARN_UNUSED_VARIABLE = YES;
				IPHONEOS_DEPLOYMENT_TARGET = 17.0;
				MTL_ENABLE_DEBUG_INFO = NO;
				MTL_FAST_MATH = YES;
				SDKROOT = iphoneos;
				SWIFT_COMPILATION_MODE = wholemodule;
				SWIFT_OPTIMIZATION_LEVEL = "-O";
				VALIDATE_PRODUCT = YES;
			};
			name = Release;
		};
		02913F1A27334C7900869572 /* Debug */ = {
			isa = XCBuildConfiguration;
			buildSettings = {
				ASSETCATALOG_COMPILER_APPICON_NAME = AppIcon;
				ASSETCATALOG_COMPILER_GLOBAL_ACCENT_COLOR_NAME = AccentColor;
				CODE_SIGN_STYLE = Automatic;
				DEVELOPMENT_ASSET_PATHS = "\"Little World Builder/Preview Content\"";
				DEVELOPMENT_TEAM = 7ZAXQ2686Z;
				ENABLE_PREVIEWS = YES;
				INFOPLIST_FILE = "Little World Builder/Info.plist";
				IPHONEOS_DEPLOYMENT_TARGET = 17.0;
				LD_RUNPATH_SEARCH_PATHS = (
					"$(inherited)",
					"@executable_path/Frameworks",
				);
				PRODUCT_BUNDLE_IDENTIFIER = "com.BryceCameron.Little-World-Builder";
				PRODUCT_NAME = "$(TARGET_NAME)";
				SWIFT_VERSION = 5.0;
				TARGETED_DEVICE_FAMILY = "1,2";
			};
			name = Debug;
		};
		02913F1B27334C7900869572 /* Release */ = {
			isa = XCBuildConfiguration;
			buildSettings = {
				ASSETCATALOG_COMPILER_APPICON_NAME = AppIcon;
				ASSETCATALOG_COMPILER_GLOBAL_ACCENT_COLOR_NAME = AccentColor;
				CODE_SIGN_STYLE = Automatic;
				DEVELOPMENT_ASSET_PATHS = "\"Little World Builder/Preview Content\"";
				DEVELOPMENT_TEAM = 7ZAXQ2686Z;
				ENABLE_PREVIEWS = YES;
				INFOPLIST_FILE = "Little World Builder/Info.plist";
				IPHONEOS_DEPLOYMENT_TARGET = 17.0;
				LD_RUNPATH_SEARCH_PATHS = (
					"$(inherited)",
					"@executable_path/Frameworks",
				);
				PRODUCT_BUNDLE_IDENTIFIER = "com.BryceCameron.Little-World-Builder";
				PRODUCT_NAME = "$(TARGET_NAME)";
				SWIFT_VERSION = 5.0;
				TARGETED_DEVICE_FAMILY = "1,2";
			};
			name = Release;
		};
		02913F1D27334C7900869572 /* Debug */ = {
			isa = XCBuildConfiguration;
			buildSettings = {
				ALWAYS_EMBED_SWIFT_STANDARD_LIBRARIES = YES;
				BUNDLE_LOADER = "$(TEST_HOST)";
				CODE_SIGN_STYLE = Automatic;
				DEVELOPMENT_TEAM = 7ZAXQ2686Z;
				INFOPLIST_FILE = "Little World BuilderTests/Info.plist";
				IPHONEOS_DEPLOYMENT_TARGET = 17.0;
				LD_RUNPATH_SEARCH_PATHS = (
					"$(inherited)",
					"@executable_path/Frameworks",
					"@loader_path/Frameworks",
				);
				PRODUCT_BUNDLE_IDENTIFIER = "com.BryceCameron.Little-World-BuilderTests";
				PRODUCT_NAME = "$(TARGET_NAME)";
				SWIFT_VERSION = 5.0;
				TARGETED_DEVICE_FAMILY = "1,2";
				TEST_HOST = "$(BUILT_PRODUCTS_DIR)/Little World Builder.app/Little World Builder";
			};
			name = Debug;
		};
		02913F1E27334C7900869572 /* Release */ = {
			isa = XCBuildConfiguration;
			buildSettings = {
				ALWAYS_EMBED_SWIFT_STANDARD_LIBRARIES = YES;
				BUNDLE_LOADER = "$(TEST_HOST)";
				CODE_SIGN_STYLE = Automatic;
				DEVELOPMENT_TEAM = 7ZAXQ2686Z;
				INFOPLIST_FILE = "Little World BuilderTests/Info.plist";
				IPHONEOS_DEPLOYMENT_TARGET = 17.0;
				LD_RUNPATH_SEARCH_PATHS = (
					"$(inherited)",
					"@executable_path/Frameworks",
					"@loader_path/Frameworks",
				);
				PRODUCT_BUNDLE_IDENTIFIER = "com.BryceCameron.Little-World-BuilderTests";
				PRODUCT_NAME = "$(TARGET_NAME)";
				SWIFT_VERSION = 5.0;
				TARGETED_DEVICE_FAMILY = "1,2";
				TEST_HOST = "$(BUILT_PRODUCTS_DIR)/Little World Builder.app/Little World Builder";
			};
			name = Release;
		};
		02913F2027334C7900869572 /* Debug */ = {
			isa = XCBuildConfiguration;
			buildSettings = {
				ALWAYS_EMBED_SWIFT_STANDARD_LIBRARIES = YES;
				CODE_SIGN_STYLE = Automatic;
				DEVELOPMENT_TEAM = 7ZAXQ2686Z;
				INFOPLIST_FILE = "Little World BuilderUITests/Info.plist";
				LD_RUNPATH_SEARCH_PATHS = (
					"$(inherited)",
					"@executable_path/Frameworks",
					"@loader_path/Frameworks",
				);
				PRODUCT_BUNDLE_IDENTIFIER = "com.BryceCameron.Little-World-BuilderUITests";
				PRODUCT_NAME = "$(TARGET_NAME)";
				SWIFT_VERSION = 5.0;
				TARGETED_DEVICE_FAMILY = "1,2";
				TEST_TARGET_NAME = "Little World Builder";
			};
			name = Debug;
		};
		02913F2127334C7900869572 /* Release */ = {
			isa = XCBuildConfiguration;
			buildSettings = {
				ALWAYS_EMBED_SWIFT_STANDARD_LIBRARIES = YES;
				CODE_SIGN_STYLE = Automatic;
				DEVELOPMENT_TEAM = 7ZAXQ2686Z;
				INFOPLIST_FILE = "Little World BuilderUITests/Info.plist";
				LD_RUNPATH_SEARCH_PATHS = (
					"$(inherited)",
					"@executable_path/Frameworks",
					"@loader_path/Frameworks",
				);
				PRODUCT_BUNDLE_IDENTIFIER = "com.BryceCameron.Little-World-BuilderUITests";
				PRODUCT_NAME = "$(TARGET_NAME)";
				SWIFT_VERSION = 5.0;
				TARGETED_DEVICE_FAMILY = "1,2";
				TEST_TARGET_NAME = "Little World Builder";
			};
			name = Release;
		};
/* End XCBuildConfiguration section */

/* Begin XCConfigurationList section */
		02913EEF27334C7800869572 /* Build configuration list for PBXProject "Little World Builder" */ = {
			isa = XCConfigurationList;
			buildConfigurations = (
				02913F1727334C7900869572 /* Debug */,
				02913F1827334C7900869572 /* Release */,
			);
			defaultConfigurationIsVisible = 0;
			defaultConfigurationName = Release;
		};
		02913F1927334C7900869572 /* Build configuration list for PBXNativeTarget "Little World Builder" */ = {
			isa = XCConfigurationList;
			buildConfigurations = (
				02913F1A27334C7900869572 /* Debug */,
				02913F1B27334C7900869572 /* Release */,
			);
			defaultConfigurationIsVisible = 0;
			defaultConfigurationName = Release;
		};
		02913F1C27334C7900869572 /* Build configuration list for PBXNativeTarget "Little World BuilderTests" */ = {
			isa = XCConfigurationList;
			buildConfigurations = (
				02913F1D27334C7900869572 /* Debug */,
				02913F1E27334C7900869572 /* Release */,
			);
			defaultConfigurationIsVisible = 0;
			defaultConfigurationName = Release;
		};
		02913F1F27334C7900869572 /* Build configuration list for PBXNativeTarget "Little World BuilderUITests" */ = {
			isa = XCConfigurationList;
			buildConfigurations = (
				02913F2027334C7900869572 /* Debug */,
				02913F2127334C7900869572 /* Release */,
			);
			defaultConfigurationIsVisible = 0;
			defaultConfigurationName = Release;
		};
/* End XCConfigurationList section */

	};
	rootObject = 02913EEC27334C7800869572 /* Project object */;
}
